// !$*UTF8*$!
{
	archiveVersion = 1;
	classes = {
	};
	objectVersion = 50;
	objects = {

/* Begin PBXBuildFile section */
		4E7819BB215E9E8C00B2BDEB /* AppDelegate.swift in Sources */ = {isa = PBXBuildFile; fileRef = 4E7819BA215E9E8C00B2BDEB /* AppDelegate.swift */; };
		4E7819C0215E9E8C00B2BDEB /* Main.storyboard in Resources */ = {isa = PBXBuildFile; fileRef = 4E7819BE215E9E8C00B2BDEB /* Main.storyboard */; };
		4E7819C3215E9E8C00B2BDEB /* ClassMemo.xcdatamodeld in Sources */ = {isa = PBXBuildFile; fileRef = 4E7819C1215E9E8C00B2BDEB /* ClassMemo.xcdatamodeld */; };
		4E7819C5215E9E8D00B2BDEB /* Assets.xcassets in Resources */ = {isa = PBXBuildFile; fileRef = 4E7819C4215E9E8D00B2BDEB /* Assets.xcassets */; };
		4E7819C8215E9E8D00B2BDEB /* LaunchScreen.storyboard in Resources */ = {isa = PBXBuildFile; fileRef = 4E7819C6215E9E8D00B2BDEB /* LaunchScreen.storyboard */; };
		4EE7BFE32162B8EE00DB2354 /* RootPageViewController.swift in Sources */ = {isa = PBXBuildFile; fileRef = 4EE7BFE22162B8EE00DB2354 /* RootPageViewController.swift */; };
		4EE7BFE52162BD3F00DB2354 /* WeekdayScehduleViewController.swift in Sources */ = {isa = PBXBuildFile; fileRef = 4EE7BFE42162BD3F00DB2354 /* WeekdayScehduleViewController.swift */; };
		4EE7BFE72162C12600DB2354 /* PersistenceService.swift in Sources */ = {isa = PBXBuildFile; fileRef = 4EE7BFE62162C12600DB2354 /* PersistenceService.swift */; };
/* End PBXBuildFile section */

/* Begin PBXFileReference section */
		4E7819B7215E9E8C00B2BDEB /* ClassMemo.app */ = {isa = PBXFileReference; explicitFileType = wrapper.application; includeInIndex = 0; path = ClassMemo.app; sourceTree = BUILT_PRODUCTS_DIR; };
		4E7819BA215E9E8C00B2BDEB /* AppDelegate.swift */ = {isa = PBXFileReference; lastKnownFileType = sourcecode.swift; path = AppDelegate.swift; sourceTree = "<group>"; };
		4E7819BF215E9E8C00B2BDEB /* Base */ = {isa = PBXFileReference; lastKnownFileType = file.storyboard; name = Base; path = Base.lproj/Main.storyboard; sourceTree = "<group>"; };
		4E7819C2215E9E8C00B2BDEB /* ClassMemo.xcdatamodel */ = {isa = PBXFileReference; lastKnownFileType = wrapper.xcdatamodel; path = ClassMemo.xcdatamodel; sourceTree = "<group>"; };
		4E7819C4215E9E8D00B2BDEB /* Assets.xcassets */ = {isa = PBXFileReference; lastKnownFileType = folder.assetcatalog; path = Assets.xcassets; sourceTree = "<group>"; };
		4E7819C7215E9E8D00B2BDEB /* Base */ = {isa = PBXFileReference; lastKnownFileType = file.storyboard; name = Base; path = Base.lproj/LaunchScreen.storyboard; sourceTree = "<group>"; };
		4E7819C9215E9E8D00B2BDEB /* Info.plist */ = {isa = PBXFileReference; lastKnownFileType = text.plist.xml; path = Info.plist; sourceTree = "<group>"; };
		4EE7BFE22162B8EE00DB2354 /* RootPageViewController.swift */ = {isa = PBXFileReference; lastKnownFileType = sourcecode.swift; path = RootPageViewController.swift; sourceTree = "<group>"; };
		4EE7BFE42162BD3F00DB2354 /* WeekdayScehduleViewController.swift */ = {isa = PBXFileReference; lastKnownFileType = sourcecode.swift; path = WeekdayScehduleViewController.swift; sourceTree = "<group>"; };
		4EE7BFE62162C12600DB2354 /* PersistenceService.swift */ = {isa = PBXFileReference; lastKnownFileType = sourcecode.swift; path = PersistenceService.swift; sourceTree = "<group>"; };
/* End PBXFileReference section */

/* Begin PBXFrameworksBuildPhase section */
		4E7819B4215E9E8C00B2BDEB /* Frameworks */ = {
			isa = PBXFrameworksBuildPhase;
			buildActionMask = 2147483647;
			files = (
			);
			runOnlyForDeploymentPostprocessing = 0;
		};
/* End PBXFrameworksBuildPhase section */

/* Begin PBXGroup section */
		4E39E567216472B4007938B3 /* ViewControllers */ = {
			isa = PBXGroup;
			children = (
				4EE7BFE42162BD3F00DB2354 /* WeekdayScehduleViewController.swift */,
				4EE7BFE22162B8EE00DB2354 /* RootPageViewController.swift */,
			);
			path = ViewControllers;
			sourceTree = "<group>";
		};
		4E39E568216472CB007938B3 /* Support */ = {
			isa = PBXGroup;
			children = (
				4EE7BFE62162C12600DB2354 /* PersistenceService.swift */,
			);
			path = Support;
			sourceTree = "<group>";
		};
		4E39E569216472E5007938B3 /* View */ = {
			isa = PBXGroup;
			children = (
				4E7819BE215E9E8C00B2BDEB /* Main.storyboard */,
				4E7819C6215E9E8D00B2BDEB /* LaunchScreen.storyboard */,
			);
			path = View;
			sourceTree = "<group>";
		};
		4E39E56A21647301007938B3 /* Model */ = {
			isa = PBXGroup;
			children = (
				4E7819C1215E9E8C00B2BDEB /* ClassMemo.xcdatamodeld */,
			);
			path = Model;
			sourceTree = "<group>";
		};
		4E7819AE215E9E8C00B2BDEB = {
			isa = PBXGroup;
			children = (
				4E7819B9215E9E8C00B2BDEB /* ClassMemo */,
				4E7819B8215E9E8C00B2BDEB /* Products */,
			);
			sourceTree = "<group>";
		};
		4E7819B8215E9E8C00B2BDEB /* Products */ = {
			isa = PBXGroup;
			children = (
				4E7819B7215E9E8C00B2BDEB /* ClassMemo.app */,
			);
			name = Products;
			sourceTree = "<group>";
		};
		4E7819B9215E9E8C00B2BDEB /* ClassMemo */ = {
			isa = PBXGroup;
			children = (
				4E7819C9215E9E8D00B2BDEB /* Info.plist */,
				4E7819BA215E9E8C00B2BDEB /* AppDelegate.swift */,
				4E7819C4215E9E8D00B2BDEB /* Assets.xcassets */,
				4E39E56A21647301007938B3 /* Model */,
				4E39E569216472E5007938B3 /* View */,
				4E39E567216472B4007938B3 /* ViewControllers */,
				4E39E568216472CB007938B3 /* Support */,
			);
			path = ClassMemo;
			sourceTree = "<group>";
		};
/* End PBXGroup section */

/* Begin PBXNativeTarget section */
		4E7819B6215E9E8C00B2BDEB /* ClassMemo */ = {
			isa = PBXNativeTarget;
			buildConfigurationList = 4E7819CC215E9E8D00B2BDEB /* Build configuration list for PBXNativeTarget "ClassMemo" */;
			buildPhases = (
				4E7819B3215E9E8C00B2BDEB /* Sources */,
				4E7819B4215E9E8C00B2BDEB /* Frameworks */,
				4E7819B5215E9E8C00B2BDEB /* Resources */,
			);
			buildRules = (
			);
			dependencies = (
			);
			name = ClassMemo;
			productName = ClassMemo;
			productReference = 4E7819B7215E9E8C00B2BDEB /* ClassMemo.app */;
			productType = "com.apple.product-type.application";
		};
/* End PBXNativeTarget section */

/* Begin PBXProject section */
		4E7819AF215E9E8C00B2BDEB /* Project object */ = {
			isa = PBXProject;
			attributes = {
				LastSwiftUpdateCheck = 0940;
				LastUpgradeCheck = 0940;
				ORGANIZATIONNAME = anthony;
				TargetAttributes = {
					4E7819B6215E9E8C00B2BDEB = {
						CreatedOnToolsVersion = 9.4.1;
					};
				};
			};
			buildConfigurationList = 4E7819B2215E9E8C00B2BDEB /* Build configuration list for PBXProject "ClassMemo" */;
			compatibilityVersion = "Xcode 9.3";
			developmentRegion = en;
			hasScannedForEncodings = 0;
			knownRegions = (
				en,
				Base,
			);
			mainGroup = 4E7819AE215E9E8C00B2BDEB;
			productRefGroup = 4E7819B8215E9E8C00B2BDEB /* Products */;
			projectDirPath = "";
			projectRoot = "";
			targets = (
				4E7819B6215E9E8C00B2BDEB /* ClassMemo */,
			);
		};
/* End PBXProject section */

/* Begin PBXResourcesBuildPhase section */
		4E7819B5215E9E8C00B2BDEB /* Resources */ = {
			isa = PBXResourcesBuildPhase;
			buildActionMask = 2147483647;
			files = (
				4E7819C8215E9E8D00B2BDEB /* LaunchScreen.storyboard in Resources */,
				4E7819C5215E9E8D00B2BDEB /* Assets.xcassets in Resources */,
				4E7819C0215E9E8C00B2BDEB /* Main.storyboard in Resources */,
			);
			runOnlyForDeploymentPostprocessing = 0;
		};
/* End PBXResourcesBuildPhase section */

/* Begin PBXSourcesBuildPhase section */
		4E7819B3215E9E8C00B2BDEB /* Sources */ = {
			isa = PBXSourcesBuildPhase;
			buildActionMask = 2147483647;
			files = (
				4EE7BFE72162C12600DB2354 /* PersistenceService.swift in Sources */,
				4EE7BFE52162BD3F00DB2354 /* WeekdayScehduleViewController.swift in Sources */,
				4EE7BFE32162B8EE00DB2354 /* RootPageViewController.swift in Sources */,
				4E7819BB215E9E8C00B2BDEB /* AppDelegate.swift in Sources */,
				4E7819C3215E9E8C00B2BDEB /* ClassMemo.xcdatamodeld in Sources */,
			);
			runOnlyForDeploymentPostprocessing = 0;
		};
/* End PBXSourcesBuildPhase section */

/* Begin PBXVariantGroup section */
		4E7819BE215E9E8C00B2BDEB /* Main.storyboard */ = {
			isa = PBXVariantGroup;
			children = (
				4E7819BF215E9E8C00B2BDEB /* Base */,
			);
			name = Main.storyboard;
			sourceTree = "<group>";
		};
		4E7819C6215E9E8D00B2BDEB /* LaunchScreen.storyboard */ = {
			isa = PBXVariantGroup;
			children = (
				4E7819C7215E9E8D00B2BDEB /* Base */,
			);
			name = LaunchScreen.storyboard;
			sourceTree = "<group>";
		};
/* End PBXVariantGroup section */

/* Begin XCBuildConfiguration section */
		4E7819CA215E9E8D00B2BDEB /* Debug */ = {
			isa = XCBuildConfiguration;
			buildSettings = {
				ALWAYS_SEARCH_USER_PATHS = NO;
				CLANG_ANALYZER_NONNULL = YES;
				CLANG_ANALYZER_NUMBER_OBJECT_CONVERSION = YES_AGGRESSIVE;
				CLANG_CXX_LANGUAGE_STANDARD = "gnu++14";
				CLANG_CXX_LIBRARY = "libc++";
				CLANG_ENABLE_MODULES = YES;
				CLANG_ENABLE_OBJC_ARC = YES;
				CLANG_ENABLE_OBJC_WEAK = YES;
				CLANG_WARN_BLOCK_CAPTURE_AUTORELEASING = YES;
				CLANG_WARN_BOOL_CONVERSION = YES;
				CLANG_WARN_COMMA = YES;
				CLANG_WARN_CONSTANT_CONVERSION = YES;
				CLANG_WARN_DEPRECATED_OBJC_IMPLEMENTATIONS = YES;
				CLANG_WARN_DIRECT_OBJC_ISA_USAGE = YES_ERROR;
				CLANG_WARN_DOCUMENTATION_COMMENTS = YES;
				CLANG_WARN_EMPTY_BODY = YES;
				CLANG_WARN_ENUM_CONVERSION = YES;
				CLANG_WARN_INFINITE_RECURSION = YES;
				CLANG_WARN_INT_CONVERSION = YES;
				CLANG_WARN_NON_LITERAL_NULL_CONVERSION = YES;
				CLANG_WARN_OBJC_IMPLICIT_RETAIN_SELF = YES;
				CLANG_WARN_OBJC_LITERAL_CONVERSION = YES;
				CLANG_WARN_OBJC_ROOT_CLASS = YES_ERROR;
				CLANG_WARN_RANGE_LOOP_ANALYSIS = YES;
				CLANG_WARN_STRICT_PROTOTYPES = YES;
				CLANG_WARN_SUSPICIOUS_MOVE = YES;
				CLANG_WARN_UNGUARDED_AVAILABILITY = YES_AGGRESSIVE;
				CLANG_WARN_UNREACHABLE_CODE = YES;
				CLANG_WARN__DUPLICATE_METHOD_MATCH = YES;
				CODE_SIGN_IDENTITY = "iPhone Developer";
				COPY_PHASE_STRIP = NO;
				DEBUG_INFORMATION_FORMAT = dwarf;
				ENABLE_STRICT_OBJC_MSGSEND = YES;
				ENABLE_TESTABILITY = YES;
				GCC_C_LANGUAGE_STANDARD = gnu11;
				GCC_DYNAMIC_NO_PIC = NO;
				GCC_NO_COMMON_BLOCKS = YES;
				GCC_OPTIMIZATION_LEVEL = 0;
				GCC_PREPROCESSOR_DEFINITIONS = (
					"DEBUG=1",
					"$(inherited)",
				);
				GCC_WARN_64_TO_32_BIT_CONVERSION = YES;
				GCC_WARN_ABOUT_RETURN_TYPE = YES_ERROR;
				GCC_WARN_UNDECLARED_SELECTOR = YES;
				GCC_WARN_UNINITIALIZED_AUTOS = YES_AGGRESSIVE;
				GCC_WARN_UNUSED_FUNCTION = YES;
				GCC_WARN_UNUSED_VARIABLE = YES;
				IPHONEOS_DEPLOYMENT_TARGET = 11.4;
				MTL_ENABLE_DEBUG_INFO = YES;
				ONLY_ACTIVE_ARCH = YES;
				SDKROOT = iphoneos;
				SWIFT_ACTIVE_COMPILATION_CONDITIONS = DEBUG;
				SWIFT_OPTIMIZATION_LEVEL = "-Onone";
			};
			name = Debug;
		};
		4E7819CB215E9E8D00B2BDEB /* Release */ = {
			isa = XCBuildConfiguration;
			buildSettings = {
				ALWAYS_SEARCH_USER_PATHS = NO;
				CLANG_ANALYZER_NONNULL = YES;
				CLANG_ANALYZER_NUMBER_OBJECT_CONVERSION = YES_AGGRESSIVE;
				CLANG_CXX_LANGUAGE_STANDARD = "gnu++14";
				CLANG_CXX_LIBRARY = "libc++";
				CLANG_ENABLE_MODULES = YES;
				CLANG_ENABLE_OBJC_ARC = YES;
				CLANG_ENABLE_OBJC_WEAK = YES;
				CLANG_WARN_BLOCK_CAPTURE_AUTORELEASING = YES;
				CLANG_WARN_BOOL_CONVERSION = YES;
				CLANG_WARN_COMMA = YES;
				CLANG_WARN_CONSTANT_CONVERSION = YES;
				CLANG_WARN_DEPRECATED_OBJC_IMPLEMENTATIONS = YES;
				CLANG_WARN_DIRECT_OBJC_ISA_USAGE = YES_ERROR;
				CLANG_WARN_DOCUMENTATION_COMMENTS = YES;
				CLANG_WARN_EMPTY_BODY = YES;
				CLANG_WARN_ENUM_CONVERSION = YES;
				CLANG_WARN_INFINITE_RECURSION = YES;
				CLANG_WARN_INT_CONVERSION = YES;
				CLANG_WARN_NON_LITERAL_NULL_CONVERSION = YES;
				CLANG_WARN_OBJC_IMPLICIT_RETAIN_SELF = YES;
				CLANG_WARN_OBJC_LITERAL_CONVERSION = YES;
				CLANG_WARN_OBJC_ROOT_CLASS = YES_ERROR;
				CLANG_WARN_RANGE_LOOP_ANALYSIS = YES;
				CLANG_WARN_STRICT_PROTOTYPES = YES;
				CLANG_WARN_SUSPICIOUS_MOVE = YES;
				CLANG_WARN_UNGUARDED_AVAILABILITY = YES_AGGRESSIVE;
				CLANG_WARN_UNREACHABLE_CODE = YES;
				CLANG_WARN__DUPLICATE_METHOD_MATCH = YES;
				CODE_SIGN_IDENTITY = "iPhone Developer";
				COPY_PHASE_STRIP = NO;
				DEBUG_INFORMATION_FORMAT = "dwarf-with-dsym";
				ENABLE_NS_ASSERTIONS = NO;
				ENABLE_STRICT_OBJC_MSGSEND = YES;
				GCC_C_LANGUAGE_STANDARD = gnu11;
				GCC_NO_COMMON_BLOCKS = YES;
				GCC_WARN_64_TO_32_BIT_CONVERSION = YES;
				GCC_WARN_ABOUT_RETURN_TYPE = YES_ERROR;
				GCC_WARN_UNDECLARED_SELECTOR = YES;
				GCC_WARN_UNINITIALIZED_AUTOS = YES_AGGRESSIVE;
				GCC_WARN_UNUSED_FUNCTION = YES;
				GCC_WARN_UNUSED_VARIABLE = YES;
				IPHONEOS_DEPLOYMENT_TARGET = 11.4;
				MTL_ENABLE_DEBUG_INFO = NO;
				SDKROOT = iphoneos;
				SWIFT_COMPILATION_MODE = wholemodule;
				SWIFT_OPTIMIZATION_LEVEL = "-O";
				VALIDATE_PRODUCT = YES;
			};
			name = Release;
		};
		4E7819CD215E9E8D00B2BDEB /* Debug */ = {
			isa = XCBuildConfiguration;
			buildSettings = {
				ASSETCATALOG_COMPILER_APPICON_NAME = AppIcon;
				CODE_SIGN_STYLE = Automatic;
				DEVELOPMENT_TEAM = PYK34TKJT5;
				INFOPLIST_FILE = ClassMemo/Info.plist;
				LD_RUNPATH_SEARCH_PATHS = (
					"$(inherited)",
					"@executable_path/Frameworks",
				);
				PRODUCT_BUNDLE_IDENTIFIER = anthony.ClassMemo;
				PRODUCT_NAME = "$(TARGET_NAME)";
				SWIFT_VERSION = 4.0;
				TARGETED_DEVICE_FAMILY = "1,2";
			};
			name = Debug;
		};
		4E7819CE215E9E8D00B2BDEB /* Release */ = {
			isa = XCBuildConfiguration;
			buildSettings = {
				ASSETCATALOG_COMPILER_APPICON_NAME = AppIcon;
				CODE_SIGN_STYLE = Automatic;
				DEVELOPMENT_TEAM = PYK34TKJT5;
				INFOPLIST_FILE = ClassMemo/Info.plist;
				LD_RUNPATH_SEARCH_PATHS = (
					"$(inherited)",
					"@executable_path/Frameworks",
				);
				PRODUCT_BUNDLE_IDENTIFIER = anthony.ClassMemo;
				PRODUCT_NAME = "$(TARGET_NAME)";
				SWIFT_VERSION = 4.0;
				TARGETED_DEVICE_FAMILY = "1,2";
			};
			name = Release;
		};
/* End XCBuildConfiguration section */

/* Begin XCConfigurationList section */
		4E7819B2215E9E8C00B2BDEB /* Build configuration list for PBXProject "ClassMemo" */ = {
			isa = XCConfigurationList;
			buildConfigurations = (
				4E7819CA215E9E8D00B2BDEB /* Debug */,
				4E7819CB215E9E8D00B2BDEB /* Release */,
			);
			defaultConfigurationIsVisible = 0;
			defaultConfigurationName = Release;
		};
		4E7819CC215E9E8D00B2BDEB /* Build configuration list for PBXNativeTarget "ClassMemo" */ = {
			isa = XCConfigurationList;
			buildConfigurations = (
				4E7819CD215E9E8D00B2BDEB /* Debug */,
				4E7819CE215E9E8D00B2BDEB /* Release */,
			);
			defaultConfigurationIsVisible = 0;
			defaultConfigurationName = Release;
		};
/* End XCConfigurationList section */

/* Begin XCVersionGroup section */
		4E7819C1215E9E8C00B2BDEB /* ClassMemo.xcdatamodeld */ = {
			isa = XCVersionGroup;
			children = (
				4E7819C2215E9E8C00B2BDEB /* ClassMemo.xcdatamodel */,
			);
			currentVersion = 4E7819C2215E9E8C00B2BDEB /* ClassMemo.xcdatamodel */;
			path = ClassMemo.xcdatamodeld;
			sourceTree = "<group>";
			versionGroupType = wrapper.xcdatamodel;
		};
/* End XCVersionGroup section */
	};
	rootObject = 4E7819AF215E9E8C00B2BDEB /* Project object */;
}
